
Microsoft Visual Studio Solution File, Format Version 12.00
# Visual Studio Version 16
VisualStudioVersion = 16.0.30523.141
MinimumVisualStudioVersion = 10.0.40219.1
Project("{FAE04EC0-301F-11D3-BF4B-00C04F79EFBC}") = "GitTest", "GitTest\GitTest.csproj", "{2AC57E52-739A-44D5-8D48-6BB6F0534121}"
EndProject
Global
	GlobalSection(SolutionConfigurationPlatforms) = preSolution
		Debug|Any CPU = Debug|Any CPU
		Release|Any CPU = Release|Any CPU
	EndGlobalSection
	GlobalSection(ProjectConfigurationPlatforms) = postSolution
		{2AC57E52-739A-44D5-8D48-6BB6F0534121}.Debug|Any CPU.ActiveCfg = Debug|Any CPU
		{2AC57E52-739A-44D5-8D48-6BB6F0534121}.Debug|Any CPU.Build.0 = Debug|Any CPU
		{2AC57E52-739A-44D5-8D48-6BB6F0534121}.Release|Any CPU.ActiveCfg = Release|Any CPU
		{2AC57E52-739A-44D5-8D48-6BB6F0534121}.Release|Any CPU.Build.0 = Release|Any CPU
	EndGlobalSection
	GlobalSection(SolutionProperties) = preSolution
		HideSolutionNode = FALSE
	EndGlobalSection
	GlobalSection(ExtensibilityGlobals) = postSolution
		SolutionGuid = {55F8B4AB-7BA2-426D-866D-777ED8DBD4AD}
	EndGlobalSection
EndGlobal
